
Microsoft Visual Studio Solution File, Format Version 12.00
# Visual Studio Version 17
VisualStudioVersion = 17.5.33530.505
MinimumVisualStudioVersion = 10.0.40219.1
Project("{2150E333-8FDC-42A3-9474-1A3956D46DE8}") = "src", "src", "{74161E15-9716-425A-A4BD-82D359EDA8B5}"
EndProject
Project("{2150E333-8FDC-42A3-9474-1A3956D46DE8}") = "tests", "tests", "{3E03A3D5-D376-4680-946C-0D76E8E8AB3C}"
EndProject
Project("{2150E333-8FDC-42A3-9474-1A3956D46DE8}") = "Backend", "Backend", "{A9DFB2F4-30DB-4D79-BAD1-4459ACCF1BD2}"
EndProject
Project("{2150E333-8FDC-42A3-9474-1A3956D46DE8}") = "Shared", "Shared", "{2F0EF713-AB22-4C34-8A67-C2FECBBED641}"
EndProject
Project("{FAE04EC0-301F-11D3-BF4B-00C04F79EFBC}") = "MyCookbook.Communication", "src\Shared\MyCookbook.Communication\MyCookbook.Communication.csproj", "{D050946E-CE82-42D6-A190-FFD34A6236ED}"
EndProject
Project("{FAE04EC0-301F-11D3-BF4B-00C04F79EFBC}") = "MyCookbook.Exceptions", "src\Shared\MyCookbook.Exceptions\MyCookbook.Exceptions.csproj", "{01D6BCAD-7E4C-4625-91F6-8F8676BE3700}"
EndProject
Project("{FAE04EC0-301F-11D3-BF4B-00C04F79EFBC}") = "MyCookbook.Aplication", "src\Backend\MyCookbook.Aplication\MyCookbook.Aplication.csproj", "{32F7B75E-695B-4D45-9D11-306A3F92BBB2}"
EndProject
Project("{FAE04EC0-301F-11D3-BF4B-00C04F79EFBC}") = "MyCookbook.Domain", "src\Backend\MyCookbook.Domain\MyCookbook.Domain.csproj", "{29EE8EA0-4BEB-4CEC-BED3-358E3EAECA42}"
EndProject
Project("{FAE04EC0-301F-11D3-BF4B-00C04F79EFBC}") = "MyCookbook.Infrastructure", "src\Backend\MyCookbook.Infrastructure\MyCookbook.Infrastructure.csproj", "{87D0487F-C049-45C3-BBCE-EA7A4CF2297C}"
EndProject
Project("{FAE04EC0-301F-11D3-BF4B-00C04F79EFBC}") = "MyCookbook.Api", "src\Backend\MyCookbook.Api\MyCookbook.Api.csproj", "{54CD1E39-2D36-4C0B-8693-474FD5189928}"
EndProject
Project("{FAE04EC0-301F-11D3-BF4B-00C04F79EFBC}") = "Validators.Test", "teste\Validators.Test\Validators.Test.csproj", "{492EE25D-1CE5-4C30-A6A3-86A82D2AC06F}"
EndProject
Project("{FAE04EC0-301F-11D3-BF4B-00C04F79EFBC}") = "UseCases.Test", "teste\UseCases.Test\UseCases.Test.csproj", "{D992561A-E4AB-4F1B-AF3F-101D5FC556DC}"
EndProject
Project("{FAE04EC0-301F-11D3-BF4B-00C04F79EFBC}") = "WebApi.Test", "WebApi.Test\WebApi.Test.csproj", "{B07E132B-53A0-40C1-A4D9-E650144DB5C3}"
EndProject
Global
	GlobalSection(SolutionConfigurationPlatforms) = preSolution
		Debug|Any CPU = Debug|Any CPU
		Release|Any CPU = Release|Any CPU
	EndGlobalSection
	GlobalSection(ProjectConfigurationPlatforms) = postSolution
		{D050946E-CE82-42D6-A190-FFD34A6236ED}.Debug|Any CPU.ActiveCfg = Debug|Any CPU
		{D050946E-CE82-42D6-A190-FFD34A6236ED}.Debug|Any CPU.Build.0 = Debug|Any CPU
		{D050946E-CE82-42D6-A190-FFD34A6236ED}.Release|Any CPU.ActiveCfg = Release|Any CPU
		{D050946E-CE82-42D6-A190-FFD34A6236ED}.Release|Any CPU.Build.0 = Release|Any CPU
		{01D6BCAD-7E4C-4625-91F6-8F8676BE3700}.Debug|Any CPU.ActiveCfg = Debug|Any CPU
		{01D6BCAD-7E4C-4625-91F6-8F8676BE3700}.Debug|Any CPU.Build.0 = Debug|Any CPU
		{01D6BCAD-7E4C-4625-91F6-8F8676BE3700}.Release|Any CPU.ActiveCfg = Release|Any CPU
		{01D6BCAD-7E4C-4625-91F6-8F8676BE3700}.Release|Any CPU.Build.0 = Release|Any CPU
		{32F7B75E-695B-4D45-9D11-306A3F92BBB2}.Debug|Any CPU.ActiveCfg = Debug|Any CPU
		{32F7B75E-695B-4D45-9D11-306A3F92BBB2}.Debug|Any CPU.Build.0 = Debug|Any CPU
		{32F7B75E-695B-4D45-9D11-306A3F92BBB2}.Release|Any CPU.ActiveCfg = Release|Any CPU
		{32F7B75E-695B-4D45-9D11-306A3F92BBB2}.Release|Any CPU.Build.0 = Release|Any CPU
		{29EE8EA0-4BEB-4CEC-BED3-358E3EAECA42}.Debug|Any CPU.ActiveCfg = Debug|Any CPU
		{29EE8EA0-4BEB-4CEC-BED3-358E3EAECA42}.Debug|Any CPU.Build.0 = Debug|Any CPU
		{29EE8EA0-4BEB-4CEC-BED3-358E3EAECA42}.Release|Any CPU.ActiveCfg = Release|Any CPU
		{29EE8EA0-4BEB-4CEC-BED3-358E3EAECA42}.Release|Any CPU.Build.0 = Release|Any CPU
		{87D0487F-C049-45C3-BBCE-EA7A4CF2297C}.Debug|Any CPU.ActiveCfg = Debug|Any CPU
		{87D0487F-C049-45C3-BBCE-EA7A4CF2297C}.Debug|Any CPU.Build.0 = Debug|Any CPU
		{87D0487F-C049-45C3-BBCE-EA7A4CF2297C}.Release|Any CPU.ActiveCfg = Release|Any CPU
		{87D0487F-C049-45C3-BBCE-EA7A4CF2297C}.Release|Any CPU.Build.0 = Release|Any CPU
		{54CD1E39-2D36-4C0B-8693-474FD5189928}.Debug|Any CPU.ActiveCfg = Debug|Any CPU
		{54CD1E39-2D36-4C0B-8693-474FD5189928}.Debug|Any CPU.Build.0 = Debug|Any CPU
		{54CD1E39-2D36-4C0B-8693-474FD5189928}.Release|Any CPU.ActiveCfg = Release|Any CPU
		{54CD1E39-2D36-4C0B-8693-474FD5189928}.Release|Any CPU.Build.0 = Release|Any CPU
		{492EE25D-1CE5-4C30-A6A3-86A82D2AC06F}.Debug|Any CPU.ActiveCfg = Debug|Any CPU
		{492EE25D-1CE5-4C30-A6A3-86A82D2AC06F}.Debug|Any CPU.Build.0 = Debug|Any CPU
		{492EE25D-1CE5-4C30-A6A3-86A82D2AC06F}.Release|Any CPU.ActiveCfg = Release|Any CPU
		{492EE25D-1CE5-4C30-A6A3-86A82D2AC06F}.Release|Any CPU.Build.0 = Release|Any CPU
		{D992561A-E4AB-4F1B-AF3F-101D5FC556DC}.Debug|Any CPU.ActiveCfg = Debug|Any CPU
		{D992561A-E4AB-4F1B-AF3F-101D5FC556DC}.Debug|Any CPU.Build.0 = Debug|Any CPU
		{D992561A-E4AB-4F1B-AF3F-101D5FC556DC}.Release|Any CPU.ActiveCfg = Release|Any CPU
		{D992561A-E4AB-4F1B-AF3F-101D5FC556DC}.Release|Any CPU.Build.0 = Release|Any CPU
		{B07E132B-53A0-40C1-A4D9-E650144DB5C3}.Debug|Any CPU.ActiveCfg = Debug|Any CPU
		{B07E132B-53A0-40C1-A4D9-E650144DB5C3}.Debug|Any CPU.Build.0 = Debug|Any CPU
		{B07E132B-53A0-40C1-A4D9-E650144DB5C3}.Release|Any CPU.ActiveCfg = Release|Any CPU
		{B07E132B-53A0-40C1-A4D9-E650144DB5C3}.Release|Any CPU.Build.0 = Release|Any CPU
	EndGlobalSection
	GlobalSection(SolutionProperties) = preSolution
		HideSolutionNode = FALSE
	EndGlobalSection
	GlobalSection(NestedProjects) = preSolution
		{A9DFB2F4-30DB-4D79-BAD1-4459ACCF1BD2} = {74161E15-9716-425A-A4BD-82D359EDA8B5}
		{2F0EF713-AB22-4C34-8A67-C2FECBBED641} = {74161E15-9716-425A-A4BD-82D359EDA8B5}
		{D050946E-CE82-42D6-A190-FFD34A6236ED} = {2F0EF713-AB22-4C34-8A67-C2FECBBED641}
		{01D6BCAD-7E4C-4625-91F6-8F8676BE3700} = {2F0EF713-AB22-4C34-8A67-C2FECBBED641}
		{32F7B75E-695B-4D45-9D11-306A3F92BBB2} = {A9DFB2F4-30DB-4D79-BAD1-4459ACCF1BD2}
		{29EE8EA0-4BEB-4CEC-BED3-358E3EAECA42} = {A9DFB2F4-30DB-4D79-BAD1-4459ACCF1BD2}
		{87D0487F-C049-45C3-BBCE-EA7A4CF2297C} = {A9DFB2F4-30DB-4D79-BAD1-4459ACCF1BD2}
		{54CD1E39-2D36-4C0B-8693-474FD5189928} = {A9DFB2F4-30DB-4D79-BAD1-4459ACCF1BD2}
		{492EE25D-1CE5-4C30-A6A3-86A82D2AC06F} = {3E03A3D5-D376-4680-946C-0D76E8E8AB3C}
		{D992561A-E4AB-4F1B-AF3F-101D5FC556DC} = {3E03A3D5-D376-4680-946C-0D76E8E8AB3C}
		{B07E132B-53A0-40C1-A4D9-E650144DB5C3} = {3E03A3D5-D376-4680-946C-0D76E8E8AB3C}
	EndGlobalSection
	GlobalSection(ExtensibilityGlobals) = postSolution
		SolutionGuid = {1F6B2A35-4916-4FB1-ABC8-4E96BC45DDC9}
	EndGlobalSection
EndGlobal
